<?xml version="1.0" encoding="UTF-8"?>
<CodeBlocks_project_file>
	<FileVersion major="1" minor="6"/>
	<Project>
		<Option title="parser"/>
		<Option makefile_is_custom="1"/>
		<Option compiler="gcc"/>
		<Option virtualFolders="CMake Files\;"/>
		<Build>
			<Target title="all">
				<Option working_dir="/Users/fss/mjj/markdown_module"/>
				<Option type="4"/>
				<MakeCommands>
					<Build command="/usr/bin/make -f &quot;/Users/fss/mjj/markdown_module/Makefile&quot;  VERBOSE=1 all"/>
					<CompileFile command="/usr/bin/make -f &quot;/Users/fss/mjj/markdown_module/Makefile&quot;  VERBOSE=1 &quot;$file&quot;"/>
					<Clean command="/usr/bin/make -f &quot;/Users/fss/mjj/markdown_module/Makefile&quot;  VERBOSE=1 clean"/>
					<DistClean command="/usr/bin/make -f &quot;/Users/fss/mjj/markdown_module/Makefile&quot;  VERBOSE=1 clean"/>
				</MakeCommands>
			</Target>
			<Target title="install/local">
				<Option working_dir="/Users/fss/mjj/markdown_module"/>
				<Option type="4"/>
				<MakeCommands>
					<Build command="/usr/bin/make -f &quot;/Users/fss/mjj/markdown_module/Makefile&quot;  VERBOSE=1 install/local"/>
					<CompileFile command="/usr/bin/make -f &quot;/Users/fss/mjj/markdown_module/Makefile&quot;  VERBOSE=1 &quot;$file&quot;"/>
					<Clean command="/usr/bin/make -f &quot;/Users/fss/mjj/markdown_module/Makefile&quot;  VERBOSE=1 clean"/>
					<DistClean command="/usr/bin/make -f &quot;/Users/fss/mjj/markdown_module/Makefile&quot;  VERBOSE=1 clean"/>
				</MakeCommands>
			</Target>
			<Target title="install/strip">
				<Option working_dir="/Users/fss/mjj/markdown_module"/>
				<Option type="4"/>
				<MakeCommands>
					<Build command="/usr/bin/make -f &quot;/Users/fss/mjj/markdown_module/Makefile&quot;  VERBOSE=1 install/strip"/>
					<CompileFile command="/usr/bin/make -f &quot;/Users/fss/mjj/markdown_module/Makefile&quot;  VERBOSE=1 &quot;$file&quot;"/>
					<Clean command="/usr/bin/make -f &quot;/Users/fss/mjj/markdown_module/Makefile&quot;  VERBOSE=1 clean"/>
					<DistClean command="/usr/bin/make -f &quot;/Users/fss/mjj/markdown_module/Makefile&quot;  VERBOSE=1 clean"/>
				</MakeCommands>
			</Target>
			<Target title="install">
				<Option working_dir="/Users/fss/mjj/markdown_module"/>
				<Option type="4"/>
				<MakeCommands>
					<Build command="/usr/bin/make -f &quot;/Users/fss/mjj/markdown_module/Makefile&quot;  VERBOSE=1 install"/>
					<CompileFile command="/usr/bin/make -f &quot;/Users/fss/mjj/markdown_module/Makefile&quot;  VERBOSE=1 &quot;$file&quot;"/>
					<Clean command="/usr/bin/make -f &quot;/Users/fss/mjj/markdown_module/Makefile&quot;  VERBOSE=1 clean"/>
					<DistClean command="/usr/bin/make -f &quot;/Users/fss/mjj/markdown_module/Makefile&quot;  VERBOSE=1 clean"/>
				</MakeCommands>
			</Target>
			<Target title="list_install_components">
				<Option working_dir="/Users/fss/mjj/markdown_module"/>
				<Option type="4"/>
				<MakeCommands>
					<Build command="/usr/bin/make -f &quot;/Users/fss/mjj/markdown_module/Makefile&quot;  VERBOSE=1 list_install_components"/>
					<CompileFile command="/usr/bin/make -f &quot;/Users/fss/mjj/markdown_module/Makefile&quot;  VERBOSE=1 &quot;$file&quot;"/>
					<Clean command="/usr/bin/make -f &quot;/Users/fss/mjj/markdown_module/Makefile&quot;  VERBOSE=1 clean"/>
					<DistClean command="/usr/bin/make -f &quot;/Users/fss/mjj/markdown_module/Makefile&quot;  VERBOSE=1 clean"/>
				</MakeCommands>
			</Target>
			<Target title="rebuild_cache">
				<Option working_dir="/Users/fss/mjj/markdown_module"/>
				<Option type="4"/>
				<MakeCommands>
					<Build command="/usr/bin/make -f &quot;/Users/fss/mjj/markdown_module/Makefile&quot;  VERBOSE=1 rebuild_cache"/>
					<CompileFile command="/usr/bin/make -f &quot;/Users/fss/mjj/markdown_module/Makefile&quot;  VERBOSE=1 &quot;$file&quot;"/>
					<Clean command="/usr/bin/make -f &quot;/Users/fss/mjj/markdown_module/Makefile&quot;  VERBOSE=1 clean"/>
					<DistClean command="/usr/bin/make -f &quot;/Users/fss/mjj/markdown_module/Makefile&quot;  VERBOSE=1 clean"/>
				</MakeCommands>
			</Target>
			<Target title="edit_cache">
				<Option working_dir="/Users/fss/mjj/markdown_module"/>
				<Option type="4"/>
				<MakeCommands>
					<Build command="/usr/bin/make -f &quot;/Users/fss/mjj/markdown_module/Makefile&quot;  VERBOSE=1 edit_cache"/>
					<CompileFile command="/usr/bin/make -f &quot;/Users/fss/mjj/markdown_module/Makefile&quot;  VERBOSE=1 &quot;$file&quot;"/>
					<Clean command="/usr/bin/make -f &quot;/Users/fss/mjj/markdown_module/Makefile&quot;  VERBOSE=1 clean"/>
					<DistClean command="/usr/bin/make -f &quot;/Users/fss/mjj/markdown_module/Makefile&quot;  VERBOSE=1 clean"/>
				</MakeCommands>
			</Target>
			<Target title="parser">
				<Option output="/Users/fss/mjj/markdown_module/parser" prefix_auto="0" extension_auto="0"/>
				<Option working_dir="/Users/fss/mjj/markdown_module"/>
				<Option object_output="./"/>
				<Option type="1"/>
				<Option compiler="gcc"/>
				<Compiler>
					<Add directory="/Users/fss/mjj/markdown_module/markdown_src"/>
					<Add directory="/Users/fss/mjj/markdown_module/markdown_src/markdown_convert"/>
					<Add directory="/Users/fss/mjj/markdown_module/markdown_src/markdown_parser"/>
					<Add directory="/Users/fss/mjj/markdown_module/markdown_src/markdown_token"/>
				</Compiler>
				<MakeCommands>
					<Build command="/usr/bin/make -f &quot;/Users/fss/mjj/markdown_module/Makefile&quot;  VERBOSE=1 parser"/>
					<CompileFile command="/usr/bin/make -f &quot;/Users/fss/mjj/markdown_module/Makefile&quot;  VERBOSE=1 &quot;$file&quot;"/>
					<Clean command="/usr/bin/make -f &quot;/Users/fss/mjj/markdown_module/Makefile&quot;  VERBOSE=1 clean"/>
					<DistClean command="/usr/bin/make -f &quot;/Users/fss/mjj/markdown_module/Makefile&quot;  VERBOSE=1 clean"/>
				</MakeCommands>
			</Target>
			<Target title="parser/fast">
				<Option output="/Users/fss/mjj/markdown_module/parser" prefix_auto="0" extension_auto="0"/>
				<Option working_dir="/Users/fss/mjj/markdown_module"/>
				<Option object_output="./"/>
				<Option type="1"/>
				<Option compiler="gcc"/>
				<Compiler>
					<Add directory="/Users/fss/mjj/markdown_module/markdown_src"/>
					<Add directory="/Users/fss/mjj/markdown_module/markdown_src/markdown_convert"/>
					<Add directory="/Users/fss/mjj/markdown_module/markdown_src/markdown_parser"/>
					<Add directory="/Users/fss/mjj/markdown_module/markdown_src/markdown_token"/>
				</Compiler>
				<MakeCommands>
					<Build command="/usr/bin/make -f &quot;/Users/fss/mjj/markdown_module/Makefile&quot;  VERBOSE=1 parser/fast"/>
					<CompileFile command="/usr/bin/make -f &quot;/Users/fss/mjj/markdown_module/Makefile&quot;  VERBOSE=1 &quot;$file&quot;"/>
					<Clean command="/usr/bin/make -f &quot;/Users/fss/mjj/markdown_module/Makefile&quot;  VERBOSE=1 clean"/>
					<DistClean command="/usr/bin/make -f &quot;/Users/fss/mjj/markdown_module/Makefile&quot;  VERBOSE=1 clean"/>
				</MakeCommands>
			</Target>
		</Build>
		<Unit filename="/Users/fss/mjj/markdown_module/markdown_src/main.c">
			<Option target="parser"/>
		</Unit>
		<Unit filename="/Users/fss/mjj/markdown_module/markdown_src/markdown_config.h">
			<Option target="parser"/>
		</Unit>
		<Unit filename="/Users/fss/mjj/markdown_module/markdown_src/markdown_convert/markdown_html2pdf.c">
			<Option target="parser"/>
		</Unit>
		<Unit filename="/Users/fss/mjj/markdown_module/markdown_src/markdown_convert/markdown_html2pdf.h">
			<Option target="parser"/>
		</Unit>
		<Unit filename="/Users/fss/mjj/markdown_module/markdown_src/markdown_convert/markdown_time.c">
			<Option target="parser"/>
		</Unit>
		<Unit filename="/Users/fss/mjj/markdown_module/markdown_src/markdown_convert/markdown_time.h">
			<Option target="parser"/>
		</Unit>
		<Unit filename="/Users/fss/mjj/markdown_module/markdown_src/markdown_convert/markdown_tohtml.c">
			<Option target="parser"/>
		</Unit>
		<Unit filename="/Users/fss/mjj/markdown_module/markdown_src/markdown_convert/markdown_tohtml.h">
			<Option target="parser"/>
		</Unit>
		<Unit filename="/Users/fss/mjj/markdown_module/markdown_src/markdown_parser/markdown_paragraph.c">
			<Option target="parser"/>
		</Unit>
		<Unit filename="/Users/fss/mjj/markdown_module/markdown_src/markdown_parser/markdown_paragraph.h">
			<Option target="parser"/>
		</Unit>
		<Unit filename="/Users/fss/mjj/markdown_module/markdown_src/markdown_parser/markdown_parser.c">
			<Option target="parser"/>
		</Unit>
		<Unit filename="/Users/fss/mjj/markdown_module/markdown_src/markdown_parser/markdown_parser.h">
			<Option target="parser"/>
		</Unit>
		<Unit filename="/Users/fss/mjj/markdown_module/markdown_src/markdown_parser/markdown_sentence.c">
			<Option target="parser"/>
		</Unit>
		<Unit filename="/Users/fss/mjj/markdown_module/markdown_src/markdown_parser/markdown_sentence.h">
			<Option target="parser"/>
		</Unit>
		<Unit filename="/Users/fss/mjj/markdown_module/markdown_src/markdown_token/markdown_headnodes.c">
			<Option target="parser"/>
		</Unit>
		<Unit filename="/Users/fss/mjj/markdown_module/markdown_src/markdown_token/markdown_headnodes.h">
			<Option target="parser"/>
		</Unit>
		<Unit filename="/Users/fss/mjj/markdown_module/markdown_src/markdown_token/markdown_token.c">
			<Option target="parser"/>
		</Unit>
		<Unit filename="/Users/fss/mjj/markdown_module/markdown_src/markdown_token/markdown_token.h">
			<Option target="parser"/>
		</Unit>
		<Unit filename="/Users/fss/mjj/markdown_module/markdown_src/markdown_translate/cJSON.c">
			<Option target="parser"/>
		</Unit>
		<Unit filename="/Users/fss/mjj/markdown_module/markdown_src/markdown_translate/cJSON.h">
			<Option target="parser"/>
		</Unit>
		<Unit filename="/Users/fss/mjj/markdown_module/markdown_src/markdown_translate/markdown_translate.c">
			<Option target="parser"/>
		</Unit>
		<Unit filename="/Users/fss/mjj/markdown_module/markdown_src/markdown_translate/markdown_translate.h">
			<Option target="parser"/>
		</Unit>
		<Unit filename="/Users/fss/mjj/markdown_module/CMakeLists.txt">
			<Option virtualFolder="CMake Files\"/>
		</Unit>
	</Project>
</CodeBlocks_project_file>
